
Microsoft Visual Studio Solution File, Format Version 12.00
# Visual Studio Version 16
VisualStudioVersion = 16.0.31410.357
MinimumVisualStudioVersion = 10.0.40219.1
Project("{FAE04EC0-301F-11D3-BF4B-00C04F79EFBC}") = "OwlBooks", "OwlBooks\OwlBooks.csproj", "{4BBE3616-1CC4-47ED-806D-38A76E4E3D72}"
EndProject
Global
	GlobalSection(SolutionConfigurationPlatforms) = preSolution
		Debug|Any CPU = Debug|Any CPU
		Release|Any CPU = Release|Any CPU
	EndGlobalSection
	GlobalSection(ProjectConfigurationPlatforms) = postSolution
		{4BBE3616-1CC4-47ED-806D-38A76E4E3D72}.Debug|Any CPU.ActiveCfg = Debug|Any CPU
		{4BBE3616-1CC4-47ED-806D-38A76E4E3D72}.Debug|Any CPU.Build.0 = Debug|Any CPU
		{4BBE3616-1CC4-47ED-806D-38A76E4E3D72}.Release|Any CPU.ActiveCfg = Release|Any CPU
		{4BBE3616-1CC4-47ED-806D-38A76E4E3D72}.Release|Any CPU.Build.0 = Release|Any CPU
	EndGlobalSection
	GlobalSection(SolutionProperties) = preSolution
		HideSolutionNode = FALSE
	EndGlobalSection
	GlobalSection(ExtensibilityGlobals) = postSolution
		SolutionGuid = {96000DF0-41A5-4B16-931D-3C87AFDD46B3}
	EndGlobalSection
EndGlobal
